
Microsoft Visual Studio Solution File, Format Version 11.00
# Visual C# Express 2010
Project("{FAE04EC0-301F-11D3-BF4B-00C04F79EFBC}") = "ConsoleApplication3", "ConsoleApplication3\ConsoleApplication3.csproj", "{45BA40E0-C03A-4903-98ED-A3A806339C77}"
EndProject
Global
	GlobalSection(SolutionConfigurationPlatforms) = preSolution
		Debug|x86 = Debug|x86
		Release|x86 = Release|x86
	EndGlobalSection
	GlobalSection(ProjectConfigurationPlatforms) = postSolution
		{45BA40E0-C03A-4903-98ED-A3A806339C77}.Debug|x86.ActiveCfg = Debug|x86
		{45BA40E0-C03A-4903-98ED-A3A806339C77}.Debug|x86.Build.0 = Debug|x86
		{45BA40E0-C03A-4903-98ED-A3A806339C77}.Release|x86.ActiveCfg = Release|x86
		{45BA40E0-C03A-4903-98ED-A3A806339C77}.Release|x86.Build.0 = Release|x86
	EndGlobalSection
	GlobalSection(SolutionProperties) = preSolution
		HideSolutionNode = FALSE
	EndGlobalSection
EndGlobal
